
Microsoft Visual Studio Solution File, Format Version 12.00
# Visual Studio Version 17
VisualStudioVersion = 17.1.32210.238
MinimumVisualStudioVersion = 10.0.40219.1
Project("{FAE04EC0-301F-11D3-BF4B-00C04F79EFBC}") = "StructuralDesignPatterns", "StructuralDesignPatterns\StructuralDesignPatterns.csproj", "{FFC7FAF5-11A0-457C-85B1-3E970D0C1C76}"
EndProject
Global
	GlobalSection(SolutionConfigurationPlatforms) = preSolution
		Debug|Any CPU = Debug|Any CPU
		Release|Any CPU = Release|Any CPU
	EndGlobalSection
	GlobalSection(ProjectConfigurationPlatforms) = postSolution
		{FFC7FAF5-11A0-457C-85B1-3E970D0C1C76}.Debug|Any CPU.ActiveCfg = Debug|Any CPU
		{FFC7FAF5-11A0-457C-85B1-3E970D0C1C76}.Debug|Any CPU.Build.0 = Debug|Any CPU
		{FFC7FAF5-11A0-457C-85B1-3E970D0C1C76}.Release|Any CPU.ActiveCfg = Release|Any CPU
		{FFC7FAF5-11A0-457C-85B1-3E970D0C1C76}.Release|Any CPU.Build.0 = Release|Any CPU
	EndGlobalSection
	GlobalSection(SolutionProperties) = preSolution
		HideSolutionNode = FALSE
	EndGlobalSection
	GlobalSection(ExtensibilityGlobals) = postSolution
		SolutionGuid = {EB482A28-187F-4A74-9A27-BAE6EBD918CE}
	EndGlobalSection
EndGlobal
