
Microsoft Visual Studio Solution File, Format Version 12.00
# Visual Studio Version 17
VisualStudioVersion = 17.1.32210.238
MinimumVisualStudioVersion = 10.0.40219.1
Project("{FAE04EC0-301F-11D3-BF4B-00C04F79EFBC}") = "CreationalDesignPatterns", "CreationalDesignPatterns\CreationalDesignPatterns.csproj", "{73A461E9-6E31-4CCA-8598-616E67886D0A}"
EndProject
Global
	GlobalSection(SolutionConfigurationPlatforms) = preSolution
		Debug|Any CPU = Debug|Any CPU
		Release|Any CPU = Release|Any CPU
	EndGlobalSection
	GlobalSection(ProjectConfigurationPlatforms) = postSolution
		{73A461E9-6E31-4CCA-8598-616E67886D0A}.Debug|Any CPU.ActiveCfg = Debug|Any CPU
		{73A461E9-6E31-4CCA-8598-616E67886D0A}.Debug|Any CPU.Build.0 = Debug|Any CPU
		{73A461E9-6E31-4CCA-8598-616E67886D0A}.Release|Any CPU.ActiveCfg = Release|Any CPU
		{73A461E9-6E31-4CCA-8598-616E67886D0A}.Release|Any CPU.Build.0 = Release|Any CPU
	EndGlobalSection
	GlobalSection(SolutionProperties) = preSolution
		HideSolutionNode = FALSE
	EndGlobalSection
	GlobalSection(ExtensibilityGlobals) = postSolution
		SolutionGuid = {CE06F1AC-D59A-4600-8642-4532E50D18D4}
	EndGlobalSection
EndGlobal
